
Microsoft Visual Studio Solution File, Format Version 12.00
# Visual Studio Version 17
VisualStudioVersion = 17.8.34330.188
MinimumVisualStudioVersion = 10.0.40219.1
Project("{FAE04EC0-301F-11D3-BF4B-00C04F79EFBC}") = "CaptionsBot", "CaptionsBot.csproj", "{E4C83151-CF27-43D2-A6A9-E7684FFF108F}"
EndProject
Global
	GlobalSection(SolutionConfigurationPlatforms) = preSolution
		Debug|Any CPU = Debug|Any CPU
		Release|Any CPU = Release|Any CPU
	EndGlobalSection
	GlobalSection(ProjectConfigurationPlatforms) = postSolution
		{E4C83151-CF27-43D2-A6A9-E7684FFF108F}.Debug|Any CPU.ActiveCfg = Debug|Any CPU
		{E4C83151-CF27-43D2-A6A9-E7684FFF108F}.Debug|Any CPU.Build.0 = Debug|Any CPU
		{E4C83151-CF27-43D2-A6A9-E7684FFF108F}.Release|Any CPU.ActiveCfg = Release|Any CPU
		{E4C83151-CF27-43D2-A6A9-E7684FFF108F}.Release|Any CPU.Build.0 = Release|Any CPU
	EndGlobalSection
	GlobalSection(SolutionProperties) = preSolution
		HideSolutionNode = FALSE
	EndGlobalSection
	GlobalSection(ExtensibilityGlobals) = postSolution
		SolutionGuid = {C06185C0-73C0-438A-BA0D-C141A524A002}
	EndGlobalSection
EndGlobal
